
Microsoft Visual Studio Solution File, Format Version 11.00
# Visual Studio 2010
Project("{FAE04EC0-301F-11D3-BF4B-00C04F79EFBC}") = "Zenject", "Zenject.csproj", "{2bcb0f0d-25ad-74e2-3316-fa5402520caa}"
EndProject
Project("{FAE04EC0-301F-11D3-BF4B-00C04F79EFBC}") = "Assembly-CSharp", "Assembly-CSharp.csproj", "{a06b4ff5-94ef-419d-3743-fffae9d084b0}"
EndProject
Project("{FAE04EC0-301F-11D3-BF4B-00C04F79EFBC}") = "Zenject-IntegrationTests-Editor", "Zenject-IntegrationTests-Editor.csproj", "{6aaf5054-8efe-8ff8-35e9-7b659ea6bf2f}"
EndProject
Project("{FAE04EC0-301F-11D3-BF4B-00C04F79EFBC}") = "Zenject-IntegrationTests", "Zenject-IntegrationTests.csproj", "{068dd499-9fe2-9f0d-2c6c-f7c0141f311c}"
EndProject
Project("{FAE04EC0-301F-11D3-BF4B-00C04F79EFBC}") = "Zenject-PoolMonitor-Editor", "Zenject-PoolMonitor-Editor.csproj", "{7d8b1c84-fcb6-94e8-69c1-cebab1ce6a4f}"
EndProject
Project("{FAE04EC0-301F-11D3-BF4B-00C04F79EFBC}") = "Zenject-UnitTests-Editor", "Zenject-UnitTests-Editor.csproj", "{aebdc847-be36-902d-b8ac-2fd3f7503f0a}"
EndProject
Project("{FAE04EC0-301F-11D3-BF4B-00C04F79EFBC}") = "Zenject-ReflectionBaking-Editor", "Zenject-ReflectionBaking-Editor.csproj", "{23f69a01-87a2-12cf-6632-f0af3da39306}"
EndProject
Project("{FAE04EC0-301F-11D3-BF4B-00C04F79EFBC}") = "Zenject-TestFramework", "Zenject-TestFramework.csproj", "{83fea9f3-6866-42a4-7c71-9e19951f4e99}"
EndProject
Project("{FAE04EC0-301F-11D3-BF4B-00C04F79EFBC}") = "Assembly-CSharp-Editor", "Assembly-CSharp-Editor.csproj", "{daab52a1-83f8-fba6-f301-3584dec64554}"
EndProject
Project("{FAE04EC0-301F-11D3-BF4B-00C04F79EFBC}") = "Zenject-Editor", "Zenject-Editor.csproj", "{2d072da0-5a71-b879-41e2-7aad5811ab4e}"
EndProject
Project("{FAE04EC0-301F-11D3-BF4B-00C04F79EFBC}") = "Assembly-CSharp-firstpass", "Assembly-CSharp-firstpass.csproj", "{fa90fd20-3138-dd8c-1515-45b3f2028279}"
EndProject
Global
	GlobalSection(SolutionConfigurationPlatforms) = preSolution
		Debug|Any CPU = Debug|Any CPU
	EndGlobalSection
	GlobalSection(ProjectConfigurationPlatforms) = postSolution
		{2bcb0f0d-25ad-74e2-3316-fa5402520caa}.Debug|Any CPU.ActiveCfg = Debug|Any CPU
		{2bcb0f0d-25ad-74e2-3316-fa5402520caa}.Debug|Any CPU.Build.0 = Debug|Any CPU
		{a06b4ff5-94ef-419d-3743-fffae9d084b0}.Debug|Any CPU.ActiveCfg = Debug|Any CPU
		{a06b4ff5-94ef-419d-3743-fffae9d084b0}.Debug|Any CPU.Build.0 = Debug|Any CPU
		{6aaf5054-8efe-8ff8-35e9-7b659ea6bf2f}.Debug|Any CPU.ActiveCfg = Debug|Any CPU
		{6aaf5054-8efe-8ff8-35e9-7b659ea6bf2f}.Debug|Any CPU.Build.0 = Debug|Any CPU
		{068dd499-9fe2-9f0d-2c6c-f7c0141f311c}.Debug|Any CPU.ActiveCfg = Debug|Any CPU
		{068dd499-9fe2-9f0d-2c6c-f7c0141f311c}.Debug|Any CPU.Build.0 = Debug|Any CPU
		{7d8b1c84-fcb6-94e8-69c1-cebab1ce6a4f}.Debug|Any CPU.ActiveCfg = Debug|Any CPU
		{7d8b1c84-fcb6-94e8-69c1-cebab1ce6a4f}.Debug|Any CPU.Build.0 = Debug|Any CPU
		{aebdc847-be36-902d-b8ac-2fd3f7503f0a}.Debug|Any CPU.ActiveCfg = Debug|Any CPU
		{aebdc847-be36-902d-b8ac-2fd3f7503f0a}.Debug|Any CPU.Build.0 = Debug|Any CPU
		{23f69a01-87a2-12cf-6632-f0af3da39306}.Debug|Any CPU.ActiveCfg = Debug|Any CPU
		{23f69a01-87a2-12cf-6632-f0af3da39306}.Debug|Any CPU.Build.0 = Debug|Any CPU
		{83fea9f3-6866-42a4-7c71-9e19951f4e99}.Debug|Any CPU.ActiveCfg = Debug|Any CPU
		{83fea9f3-6866-42a4-7c71-9e19951f4e99}.Debug|Any CPU.Build.0 = Debug|Any CPU
		{daab52a1-83f8-fba6-f301-3584dec64554}.Debug|Any CPU.ActiveCfg = Debug|Any CPU
		{daab52a1-83f8-fba6-f301-3584dec64554}.Debug|Any CPU.Build.0 = Debug|Any CPU
		{2d072da0-5a71-b879-41e2-7aad5811ab4e}.Debug|Any CPU.ActiveCfg = Debug|Any CPU
		{2d072da0-5a71-b879-41e2-7aad5811ab4e}.Debug|Any CPU.Build.0 = Debug|Any CPU
		{fa90fd20-3138-dd8c-1515-45b3f2028279}.Debug|Any CPU.ActiveCfg = Debug|Any CPU
		{fa90fd20-3138-dd8c-1515-45b3f2028279}.Debug|Any CPU.Build.0 = Debug|Any CPU
	EndGlobalSection
	GlobalSection(SolutionProperties) = preSolution
		HideSolutionNode = FALSE
	EndGlobalSection
EndGlobal
