
Microsoft Visual Studio Solution File, Format Version 11.00
# Visual Studio 2010
Project("{FAE04EC0-301F-11D3-BF4B-00C04F79EFBC}") = "Assembly-CSharp", "Assembly-CSharp.csproj", "{13f10160-d789-6851-7637-bb3b2d25c066}"
EndProject
Project("{FAE04EC0-301F-11D3-BF4B-00C04F79EFBC}") = "Assembly-CSharp-Editor", "Assembly-CSharp-Editor.csproj", "{13a7ed4a-cd5f-52d9-946e-3e07361aa6e0}"
EndProject
Global
	GlobalSection(SolutionConfigurationPlatforms) = preSolution
		Debug|Any CPU = Debug|Any CPU
		Release|Any CPU = Release|Any CPU
	EndGlobalSection
	GlobalSection(ProjectConfigurationPlatforms) = postSolution
		{13f10160-d789-6851-7637-bb3b2d25c066}.Debug|Any CPU.ActiveCfg = Debug|Any CPU
		{13f10160-d789-6851-7637-bb3b2d25c066}.Debug|Any CPU.Build.0 = Debug|Any CPU
		{13f10160-d789-6851-7637-bb3b2d25c066}.Release|Any CPU.ActiveCfg = Release|Any CPU
		{13f10160-d789-6851-7637-bb3b2d25c066}.Release|Any CPU.Build.0 = Release|Any CPU
		{13a7ed4a-cd5f-52d9-946e-3e07361aa6e0}.Debug|Any CPU.ActiveCfg = Debug|Any CPU
		{13a7ed4a-cd5f-52d9-946e-3e07361aa6e0}.Debug|Any CPU.Build.0 = Debug|Any CPU
		{13a7ed4a-cd5f-52d9-946e-3e07361aa6e0}.Release|Any CPU.ActiveCfg = Release|Any CPU
		{13a7ed4a-cd5f-52d9-946e-3e07361aa6e0}.Release|Any CPU.Build.0 = Release|Any CPU
	EndGlobalSection
	GlobalSection(SolutionProperties) = preSolution
		HideSolutionNode = FALSE
	EndGlobalSection
EndGlobal
